
Microsoft Visual Studio Solution File, Format Version 12.00
# Visual Studio Version 17
VisualStudioVersion = 17.14.36301.6
MinimumVisualStudioVersion = 10.0.40219.1
Project("{FAE04EC0-301F-11D3-BF4B-00C04F79EFBC}") = "ArrayProcessor", "ArrayProcessor\ArrayProcessor.csproj", "{ED74DF2D-52B0-4147-9FFB-9F23AEB8AB7A}"
EndProject
Project("{FAE04EC0-301F-11D3-BF4B-00C04F79EFBC}") = "ArrayProcessor.Tests", "ArrayProcessor.Tests\ArrayProcessor.Tests.csproj", "{6322A7D0-D662-8661-5EA4-D62C3AEE2E4E}"
EndProject
Global
	GlobalSection(SolutionConfigurationPlatforms) = preSolution
		Debug|Any CPU = Debug|Any CPU
		Release|Any CPU = Release|Any CPU
	EndGlobalSection
	GlobalSection(ProjectConfigurationPlatforms) = postSolution
		{ED74DF2D-52B0-4147-9FFB-9F23AEB8AB7A}.Debug|Any CPU.ActiveCfg = Debug|Any CPU
		{ED74DF2D-52B0-4147-9FFB-9F23AEB8AB7A}.Debug|Any CPU.Build.0 = Debug|Any CPU
		{ED74DF2D-52B0-4147-9FFB-9F23AEB8AB7A}.Release|Any CPU.ActiveCfg = Release|Any CPU
		{ED74DF2D-52B0-4147-9FFB-9F23AEB8AB7A}.Release|Any CPU.Build.0 = Release|Any CPU
		{6322A7D0-D662-8661-5EA4-D62C3AEE2E4E}.Debug|Any CPU.ActiveCfg = Debug|Any CPU
		{6322A7D0-D662-8661-5EA4-D62C3AEE2E4E}.Debug|Any CPU.Build.0 = Debug|Any CPU
		{6322A7D0-D662-8661-5EA4-D62C3AEE2E4E}.Release|Any CPU.ActiveCfg = Release|Any CPU
		{6322A7D0-D662-8661-5EA4-D62C3AEE2E4E}.Release|Any CPU.Build.0 = Release|Any CPU
	EndGlobalSection
	GlobalSection(SolutionProperties) = preSolution
		HideSolutionNode = FALSE
	EndGlobalSection
	GlobalSection(ExtensibilityGlobals) = postSolution
		SolutionGuid = {5462B79A-7E5C-4D14-B10A-4A6E954CE6A4}
	EndGlobalSection
EndGlobal
